PODS:
  - FBSnapshotTestCase (2.1.0):
    - FBSnapshotTestCase/SwiftSupport (= 2.1.0)
  - FBSnapshotTestCase/Core (2.1.0)
  - FBSnapshotTestCase/SwiftSupport (2.1.0):
    - FBSnapshotTestCase/Core
  - RoverCocoTest (1.0.0)

DEPENDENCIES:
  - FBSnapshotTestCase
  - RoverCocoTest (from `../`)

EXTERNAL SOURCES:
  RoverCocoTest:
    :path: ../

SPEC CHECKSUMS:
  FBSnapshotTestCase: 366ecd378511d7716c79991cd8067d1eed23578d
  RoverCocoTest: 9225a29deaa4bb06a7b6bbf4cf575d6f4e50e3fe

COCOAPODS: 0.39.0
